
Microsoft Visual Studio Solution File, Format Version 12.00
# Visual Studio Version 16
VisualStudioVersion = 16.0.30114.105
MinimumVisualStudioVersion = 10.0.40219.1
Project("{FAE04EC0-301F-11D3-BF4B-00C04F79EFBC}") = "Averages", "Averages.csproj", "{1BD431C9-A578-4E60-BD59-6A7A0C3F7E1E}"
EndProject
Project("{FAE04EC0-301F-11D3-BF4B-00C04F79EFBC}") = "doubler", "..\doubler\doubler.csproj", "{8D55526C-095F-402F-AFD2-01468D8C7D15}"
EndProject
Project("{FAE04EC0-301F-11D3-BF4B-00C04F79EFBC}") = "LOWERCASE", "..\LOWERCASE\LOWERCASE.csproj", "{DEA33081-C857-4790-9D42-C5F9A20CEB79}"
EndProject
Global
	GlobalSection(SolutionConfigurationPlatforms) = preSolution
		Debug|Any CPU = Debug|Any CPU
		Release|Any CPU = Release|Any CPU
	EndGlobalSection
	GlobalSection(ProjectConfigurationPlatforms) = postSolution
		{1BD431C9-A578-4E60-BD59-6A7A0C3F7E1E}.Debug|Any CPU.ActiveCfg = Debug|Any CPU
		{1BD431C9-A578-4E60-BD59-6A7A0C3F7E1E}.Debug|Any CPU.Build.0 = Debug|Any CPU
		{1BD431C9-A578-4E60-BD59-6A7A0C3F7E1E}.Release|Any CPU.ActiveCfg = Release|Any CPU
		{1BD431C9-A578-4E60-BD59-6A7A0C3F7E1E}.Release|Any CPU.Build.0 = Release|Any CPU
		{8D55526C-095F-402F-AFD2-01468D8C7D15}.Debug|Any CPU.ActiveCfg = Debug|Any CPU
		{8D55526C-095F-402F-AFD2-01468D8C7D15}.Debug|Any CPU.Build.0 = Debug|Any CPU
		{8D55526C-095F-402F-AFD2-01468D8C7D15}.Release|Any CPU.ActiveCfg = Release|Any CPU
		{8D55526C-095F-402F-AFD2-01468D8C7D15}.Release|Any CPU.Build.0 = Release|Any CPU
		{DEA33081-C857-4790-9D42-C5F9A20CEB79}.Debug|Any CPU.ActiveCfg = Debug|Any CPU
		{DEA33081-C857-4790-9D42-C5F9A20CEB79}.Debug|Any CPU.Build.0 = Debug|Any CPU
		{DEA33081-C857-4790-9D42-C5F9A20CEB79}.Release|Any CPU.ActiveCfg = Release|Any CPU
		{DEA33081-C857-4790-9D42-C5F9A20CEB79}.Release|Any CPU.Build.0 = Release|Any CPU
	EndGlobalSection
	GlobalSection(SolutionProperties) = preSolution
		HideSolutionNode = FALSE
	EndGlobalSection
	GlobalSection(ExtensibilityGlobals) = postSolution
		SolutionGuid = {AADDC619-677E-4EE7-B79F-9388312795E3}
	EndGlobalSection
EndGlobal
