
Microsoft Visual Studio Solution File, Format Version 12.00
# Visual Studio Version 16
VisualStudioVersion = 16.0.30114.105
MinimumVisualStudioVersion = 10.0.40219.1
Project("{FAE04EC0-301F-11D3-BF4B-00C04F79EFBC}") = "2_1_1_CUSTOM_STRING", "2_1_1_CUSTOM_STRING.csproj", "{C6BB03A5-B9BE-4A3B-B228-C22A5B0FB306}"
EndProject
Project("{FAE04EC0-301F-11D3-BF4B-00C04F79EFBC}") = "NewStringLib", "..\NewStringLib\NewStringLib.csproj", "{3E7907DB-D9AF-4476-8D5E-65693028D785}"
EndProject
Global
	GlobalSection(SolutionConfigurationPlatforms) = preSolution
		Debug|Any CPU = Debug|Any CPU
		Release|Any CPU = Release|Any CPU
	EndGlobalSection
	GlobalSection(ProjectConfigurationPlatforms) = postSolution
		{C6BB03A5-B9BE-4A3B-B228-C22A5B0FB306}.Debug|Any CPU.ActiveCfg = Debug|Any CPU
		{C6BB03A5-B9BE-4A3B-B228-C22A5B0FB306}.Debug|Any CPU.Build.0 = Debug|Any CPU
		{C6BB03A5-B9BE-4A3B-B228-C22A5B0FB306}.Release|Any CPU.ActiveCfg = Release|Any CPU
		{C6BB03A5-B9BE-4A3B-B228-C22A5B0FB306}.Release|Any CPU.Build.0 = Release|Any CPU
		{3E7907DB-D9AF-4476-8D5E-65693028D785}.Debug|Any CPU.ActiveCfg = Debug|Any CPU
		{3E7907DB-D9AF-4476-8D5E-65693028D785}.Debug|Any CPU.Build.0 = Debug|Any CPU
		{3E7907DB-D9AF-4476-8D5E-65693028D785}.Release|Any CPU.ActiveCfg = Release|Any CPU
		{3E7907DB-D9AF-4476-8D5E-65693028D785}.Release|Any CPU.Build.0 = Release|Any CPU
	EndGlobalSection
	GlobalSection(SolutionProperties) = preSolution
		HideSolutionNode = FALSE
	EndGlobalSection
	GlobalSection(ExtensibilityGlobals) = postSolution
		SolutionGuid = {1A148980-7C4A-4CAE-B1B8-378A32D5963E}
	EndGlobalSection
EndGlobal
